{
  "name": "ts-ci",
  "version": "1.0.0",
  "lockfileVersion": 3,
  "requires": true,
  "packages": {
    "": {
      "name": "ts-ci",
      "version": "1.0.0",
      "license": "ISC",
      "dependencies": {
        "just-install": "^1.0.11"
      },
      "devDependencies": {}
    },
    "node_modules/just-install": {
      "version": "1.0.11",
      "resolved": "https://registry.npmjs.org/just-install/-/just-install-1.0.11.tgz",
      "integrity": "sha512-3nW53hWK9muHUTXthiTcUqFkd5FXDad7YLoDWJonVhPUZxX8PgCVGvaI8AQ5gqJZ45MBd/hdqg5XPIWPh9Bk/g==",
      "hasInstallScript": true,
      "bin": {
        "just": "bin/just"
      },
      "engines": {
        "node": ">=8.5"
      }
    }
  }
}
